
Microsoft Visual Studio Solution File, Format Version 12.00
# Visual Studio 15
VisualStudioVersion = 15.0.26124.0
MinimumVisualStudioVersion = 15.0.26124.0
Project("{2150E333-8FDC-42A3-9474-1A3956D46DE8}") = "src", "src", "{94EA4352-647E-4769-9540-07DE8DA580A4}"
EndProject
Project("{F2A71F9B-5D33-465A-A702-920D77279786}") = "Library", "src\Library\Library.fsproj", "{B763956B-8F11-4FB6-AEF1-C292E320FF89}"
EndProject
Project("{F2A71F9B-5D33-465A-A702-920D77279786}") = "App", "src\App\App.fsproj", "{C794C4EC-C631-485A-B857-A2B8F2D81679}"
EndProject
Global
	GlobalSection(SolutionConfigurationPlatforms) = preSolution
		Debug|Any CPU = Debug|Any CPU
		Debug|x64 = Debug|x64
		Debug|x86 = Debug|x86
		Release|Any CPU = Release|Any CPU
		Release|x64 = Release|x64
		Release|x86 = Release|x86
	EndGlobalSection
	GlobalSection(SolutionProperties) = preSolution
		HideSolutionNode = FALSE
	EndGlobalSection
	GlobalSection(ProjectConfigurationPlatforms) = postSolution
		{B763956B-8F11-4FB6-AEF1-C292E320FF89}.Debug|Any CPU.ActiveCfg = Debug|Any CPU
		{B763956B-8F11-4FB6-AEF1-C292E320FF89}.Debug|Any CPU.Build.0 = Debug|Any CPU
		{B763956B-8F11-4FB6-AEF1-C292E320FF89}.Debug|x64.ActiveCfg = Debug|Any CPU
		{B763956B-8F11-4FB6-AEF1-C292E320FF89}.Debug|x64.Build.0 = Debug|Any CPU
		{B763956B-8F11-4FB6-AEF1-C292E320FF89}.Debug|x86.ActiveCfg = Debug|Any CPU
		{B763956B-8F11-4FB6-AEF1-C292E320FF89}.Debug|x86.Build.0 = Debug|Any CPU
		{B763956B-8F11-4FB6-AEF1-C292E320FF89}.Release|Any CPU.ActiveCfg = Release|Any CPU
		{B763956B-8F11-4FB6-AEF1-C292E320FF89}.Release|Any CPU.Build.0 = Release|Any CPU
		{B763956B-8F11-4FB6-AEF1-C292E320FF89}.Release|x64.ActiveCfg = Release|Any CPU
		{B763956B-8F11-4FB6-AEF1-C292E320FF89}.Release|x64.Build.0 = Release|Any CPU
		{B763956B-8F11-4FB6-AEF1-C292E320FF89}.Release|x86.ActiveCfg = Release|Any CPU
		{B763956B-8F11-4FB6-AEF1-C292E320FF89}.Release|x86.Build.0 = Release|Any CPU
		{C794C4EC-C631-485A-B857-A2B8F2D81679}.Debug|Any CPU.ActiveCfg = Debug|Any CPU
		{C794C4EC-C631-485A-B857-A2B8F2D81679}.Debug|Any CPU.Build.0 = Debug|Any CPU
		{C794C4EC-C631-485A-B857-A2B8F2D81679}.Debug|x64.ActiveCfg = Debug|Any CPU
		{C794C4EC-C631-485A-B857-A2B8F2D81679}.Debug|x64.Build.0 = Debug|Any CPU
		{C794C4EC-C631-485A-B857-A2B8F2D81679}.Debug|x86.ActiveCfg = Debug|Any CPU
		{C794C4EC-C631-485A-B857-A2B8F2D81679}.Debug|x86.Build.0 = Debug|Any CPU
		{C794C4EC-C631-485A-B857-A2B8F2D81679}.Release|Any CPU.ActiveCfg = Release|Any CPU
		{C794C4EC-C631-485A-B857-A2B8F2D81679}.Release|Any CPU.Build.0 = Release|Any CPU
		{C794C4EC-C631-485A-B857-A2B8F2D81679}.Release|x64.ActiveCfg = Release|Any CPU
		{C794C4EC-C631-485A-B857-A2B8F2D81679}.Release|x64.Build.0 = Release|Any CPU
		{C794C4EC-C631-485A-B857-A2B8F2D81679}.Release|x86.ActiveCfg = Release|Any CPU
		{C794C4EC-C631-485A-B857-A2B8F2D81679}.Release|x86.Build.0 = Release|Any CPU
	EndGlobalSection
	GlobalSection(NestedProjects) = preSolution
		{B763956B-8F11-4FB6-AEF1-C292E320FF89} = {94EA4352-647E-4769-9540-07DE8DA580A4}
		{C794C4EC-C631-485A-B857-A2B8F2D81679} = {94EA4352-647E-4769-9540-07DE8DA580A4}
	EndGlobalSection
EndGlobal
